PODS:
  - Capacitor (7.4.4):
    - CapacitorCordova
  - CapacitorApp (7.1.0):
    - Capacitor
  - CapacitorCordova (7.4.4)
  - CapacitorGeolocation (7.1.7):
    - Capacitor
    - IONGeolocationLib (= 1.0.1)
  - CapacitorLocalNotifications (7.0.4):
    - Capacitor
  - CapacitorPushNotifications (7.0.4):
    - Capacitor
  - IONGeolocationLib (1.0.1)

DEPENDENCIES:
  - "Capacitor (from `../../node_modules/@capacitor/ios`)"
  - "CapacitorApp (from `../../node_modules/@capacitor/app`)"
  - "CapacitorCordova (from `../../node_modules/@capacitor/ios`)"
  - "CapacitorGeolocation (from `../../node_modules/@capacitor/geolocation`)"
  - "CapacitorLocalNotifications (from `../../node_modules/@capacitor/local-notifications`)"
  - "CapacitorPushNotifications (from `../../node_modules/@capacitor/push-notifications`)"

SPEC REPOS:
  trunk:
    - IONGeolocationLib

EXTERNAL SOURCES:
  Capacitor:
    :path: "../../node_modules/@capacitor/ios"
  CapacitorApp:
    :path: "../../node_modules/@capacitor/app"
  CapacitorCordova:
    :path: "../../node_modules/@capacitor/ios"
  CapacitorGeolocation:
    :path: "../../node_modules/@capacitor/geolocation"
  CapacitorLocalNotifications:
    :path: "../../node_modules/@capacitor/local-notifications"
  CapacitorPushNotifications:
    :path: "../../node_modules/@capacitor/push-notifications"

SPEC CHECKSUMS:
  Capacitor: 358dd1c3fdd71d969547b17e159fd8a7736cb45f
  CapacitorApp: 26587c2ce485d88ddb39adb21cac64f8e481afe3
  CapacitorCordova: bf648a636f3c153f652d312ae145fb508b6ffced
  CapacitorGeolocation: bb6f441b53393984f1c4e8b7e4a826fe3e133309
  CapacitorLocalNotifications: ba2a08bd92887b08f352e6b2db430575cef0cea3
  CapacitorPushNotifications: 7604512af53bbfdf1dd8fb2256b9ef1e8a69cdc2
  IONGeolocationLib: 20f9d0248a0b5264511fb57a37e25dd2badf797a

PODFILE CHECKSUM: bb5d838a03231da438dd1094fcf63f6f7014fd02

COCOAPODS: 1.16.2
